{
  "version": "4",
  "specifiers": {
    "jsr:@std/encoding@^1.0.5": "1.0.5",
    "jsr:@std/fs@*": "1.0.5",
    "jsr:@std/fs@^1.0.5": "1.0.5",
    "jsr:@std/path@*": "1.0.8",
    "jsr:@std/path@^1.0.5": "1.0.8",
    "jsr:@std/path@^1.0.7": "1.0.8",
    "jsr:@std/path@^1.0.8": "1.0.8",
    "npm:@hono/zod-openapi@~0.16.4": "0.16.4_hono@4.6.13_zod@3.23.8",
    "npm:hono@^4.6.13": "4.6.13"
  },
  "jsr": {
    "@std/encoding@1.0.5": {
      "integrity": "ecf363d4fc25bd85bd915ff6733a7e79b67e0e7806334af15f4645c569fefc04"
    },
    "@std/fs@1.0.5": {
      "integrity": "41806ad6823d0b5f275f9849a2640d87e4ef67c51ee1b8fb02426f55e02fd44e",
      "dependencies": [
        "jsr:@std/path@^1.0.7"
      ]
    },
    "@std/path@1.0.8": {
      "integrity": "548fa456bb6a04d3c1a1e7477986b6cffbce95102d0bb447c67c4ee70e0364be"
    }
  },
  "npm": {
    "@asteasolutions/zod-to-openapi@7.3.0_zod@3.23.8": {
      "integrity": "sha512-7tE/r1gXwMIvGnXVUdIqUhCU1RevEFC4Jk6Bussa0fk1ecbnnINkZzj1EOAJyE/M3AI25DnHT/zKQL1/FPFi8Q==",
      "dependencies": [
        "openapi3-ts",
        "zod"
      ]
    },
    "@hono/zod-openapi@0.16.4_hono@4.6.13_zod@3.23.8": {
      "integrity": "sha512-mnF6GthBaKex0D5PsY/4lYNtkaGJNE38bjeUI//EUqq7Ee4TNm2su35IUiFH4HcmJp5fWYMLyOJOpjnkClzEGw==",
      "dependencies": [
        "@asteasolutions/zod-to-openapi",
        "@hono/zod-validator",
        "hono",
        "zod"
      ]
    },
    "@hono/zod-validator@0.3.0_hono@4.6.13_zod@3.23.8": {
      "integrity": "sha512-7XcTk3yYyk6ldrO/VuqsroE7stvDZxHJQcpATRAyha8rUxJNBPV3+6waDrARfgEqxOVlzIadm3/6sE/dPseXgQ==",
      "dependencies": [
        "hono",
        "zod"
      ]
    },
    "hono@4.6.13": {
      "integrity": "sha512-haV0gaMdSjy9URCRN9hxBPlqHa7fMm/T72kAImIxvw4eQLbNz1rgjN4hHElLJSieDiNuiIAXC//cC6YGz2KCbg=="
    },
    "openapi3-ts@4.4.0": {
      "integrity": "sha512-9asTNB9IkKEzWMcHmVZE7Ts3kC9G7AFHfs8i7caD8HbI76gEjdkId4z/AkP83xdZsH7PLAnnbl47qZkXuxpArw==",
      "dependencies": [
        "yaml"
      ]
    },
    "yaml@2.6.1": {
      "integrity": "sha512-7r0XPzioN/Q9kXBro/XPnA6kznR73DHq+GXh5ON7ZozRO6aMjbmiBuKste2wslTFkC5d1dw0GooOCepZXJ2SAg=="
    },
    "zod@3.23.8": {
      "integrity": "sha512-XBx9AXhXktjUqnepgTiE5flcKIYWi/rme0Eaj+5Y0lftuGBq+jyRu/md4WnuxqgP1ubdpNCsYEYPxrzVHD8d6g=="
    }
  },
  "workspace": {
    "dependencies": [
      "jsr:@std/encoding@^1.0.5",
      "jsr:@std/fs@^1.0.5",
      "jsr:@std/path@^1.0.8",
      "npm:@hono/zod-openapi@~0.16.4",
      "npm:hono@^4.6.13"
    ]
  }
}
